
Microsoft Visual Studio Solution File, Format Version 12.00
# Visual Studio Version 16
VisualStudioVersion = 16.0.31025.194
MinimumVisualStudioVersion = 10.0.40219.1
Project("{FAE04EC0-301F-11D3-BF4B-00C04F79EFBC}") = "basicAlgo", "basicAlgo\basicAlgo.csproj", "{9696A543-772B-45AA-B8B1-F187FD22F140}"
EndProject
Global
	GlobalSection(SolutionConfigurationPlatforms) = preSolution
		Debug|Any CPU = Debug|Any CPU
		Release|Any CPU = Release|Any CPU
	EndGlobalSection
	GlobalSection(ProjectConfigurationPlatforms) = postSolution
		{9696A543-772B-45AA-B8B1-F187FD22F140}.Debug|Any CPU.ActiveCfg = Debug|Any CPU
		{9696A543-772B-45AA-B8B1-F187FD22F140}.Debug|Any CPU.Build.0 = Debug|Any CPU
		{9696A543-772B-45AA-B8B1-F187FD22F140}.Release|Any CPU.ActiveCfg = Release|Any CPU
		{9696A543-772B-45AA-B8B1-F187FD22F140}.Release|Any CPU.Build.0 = Release|Any CPU
	EndGlobalSection
	GlobalSection(SolutionProperties) = preSolution
		HideSolutionNode = FALSE
	EndGlobalSection
	GlobalSection(ExtensibilityGlobals) = postSolution
		SolutionGuid = {11C0AF2C-1A39-4D24-93B5-2730875AE2BD}
	EndGlobalSection
EndGlobal
